
Microsoft Visual Studio Solution File, Format Version 12.00
# Visual Studio Version 16
VisualStudioVersion = 16.0.32901.82
MinimumVisualStudioVersion = 10.0.40219.1
Project("{FAE04EC0-301F-11D3-BF4B-00C04F79EFBC}") = "AngularJSWebUI", "AngularJSWebUI\AngularJSWebUI.csproj", "{A0893A35-7125-4DD5-97D9-839488600D20}"
EndProject
Global
	GlobalSection(SolutionConfigurationPlatforms) = preSolution
		Debug|Any CPU = Debug|Any CPU
		Release|Any CPU = Release|Any CPU
	EndGlobalSection
	GlobalSection(ProjectConfigurationPlatforms) = postSolution
		{A0893A35-7125-4DD5-97D9-839488600D20}.Debug|Any CPU.ActiveCfg = Debug|Any CPU
		{A0893A35-7125-4DD5-97D9-839488600D20}.Debug|Any CPU.Build.0 = Debug|Any CPU
		{A0893A35-7125-4DD5-97D9-839488600D20}.Release|Any CPU.ActiveCfg = Release|Any CPU
		{A0893A35-7125-4DD5-97D9-839488600D20}.Release|Any CPU.Build.0 = Release|Any CPU
	EndGlobalSection
	GlobalSection(SolutionProperties) = preSolution
		HideSolutionNode = FALSE
	EndGlobalSection
	GlobalSection(ExtensibilityGlobals) = postSolution
		SolutionGuid = {D94C0A10-EEAC-4A91-884C-4F3CC43775DC}
	EndGlobalSection
EndGlobal
